// !$*UTF8*$!
{
	archiveVersion = 1;
	classes = {
	};
	objectVersion = 50;
	objects = {

/* Begin PBXBuildFile section */
		B14CBFD022D8FF7B0088AF5B /* Car.swift in Sources */ = {isa = PBXBuildFile; fileRef = B14CBFCF22D8FF7B0088AF5B /* Car.swift */; };
		B1819E2C22D8FD4C0027AD2B /* AppDelegate.swift in Sources */ = {isa = PBXBuildFile; fileRef = B1819E2B22D8FD4C0027AD2B /* AppDelegate.swift */; };
		B1819E2E22D8FD4C0027AD2B /* ViewController.swift in Sources */ = {isa = PBXBuildFile; fileRef = B1819E2D22D8FD4C0027AD2B /* ViewController.swift */; };
		B1819E3122D8FD4C0027AD2B /* Main.storyboard in Resources */ = {isa = PBXBuildFile; fileRef = B1819E2F22D8FD4C0027AD2B /* Main.storyboard */; };
		B1819E3322D8FD4F0027AD2B /* Assets.xcassets in Resources */ = {isa = PBXBuildFile; fileRef = B1819E3222D8FD4F0027AD2B /* Assets.xcassets */; };
		B1819E3622D8FD4F0027AD2B /* LaunchScreen.storyboard in Resources */ = {isa = PBXBuildFile; fileRef = B1819E3422D8FD4F0027AD2B /* LaunchScreen.storyboard */; };
/* End PBXBuildFile section */

/* Begin PBXFileReference section */
		B14CBFCF22D8FF7B0088AF5B /* Car.swift */ = {isa = PBXFileReference; lastKnownFileType = sourcecode.swift; path = Car.swift; sourceTree = "<group>"; };
		B1819E2822D8FD4C0027AD2B /* GithubTester1.app */ = {isa = PBXFileReference; explicitFileType = wrapper.application; includeInIndex = 0; path = GithubTester1.app; sourceTree = BUILT_PRODUCTS_DIR; };
		B1819E2B22D8FD4C0027AD2B /* AppDelegate.swift */ = {isa = PBXFileReference; lastKnownFileType = sourcecode.swift; path = AppDelegate.swift; sourceTree = "<group>"; };
		B1819E2D22D8FD4C0027AD2B /* ViewController.swift */ = {isa = PBXFileReference; lastKnownFileType = sourcecode.swift; path = ViewController.swift; sourceTree = "<group>"; };
		B1819E3022D8FD4C0027AD2B /* Base */ = {isa = PBXFileReference; lastKnownFileType = file.storyboard; name = Base; path = Base.lproj/Main.storyboard; sourceTree = "<group>"; };
		B1819E3222D8FD4F0027AD2B /* Assets.xcassets */ = {isa = PBXFileReference; lastKnownFileType = folder.assetcatalog; path = Assets.xcassets; sourceTree = "<group>"; };
		B1819E3522D8FD4F0027AD2B /* Base */ = {isa = PBXFileReference; lastKnownFileType = file.storyboard; name = Base; path = Base.lproj/LaunchScreen.storyboard; sourceTree = "<group>"; };
		B1819E3722D8FD4F0027AD2B /* Info.plist */ = {isa = PBXFileReference; lastKnownFileType = text.plist.xml; path = Info.plist; sourceTree = "<group>"; };
/* End PBXFileReference section */

/* Begin PBXFrameworksBuildPhase section */
		B1819E2522D8FD4C0027AD2B /* Frameworks */ = {
			isa = PBXFrameworksBuildPhase;
			buildActionMask = 2147483647;
			files = (
			);
			runOnlyForDeploymentPostprocessing = 0;
		};
/* End PBXFrameworksBuildPhase section */

/* Begin PBXGroup section */
		B1819E1F22D8FD4C0027AD2B = {
			isa = PBXGroup;
			children = (
				B1819E2A22D8FD4C0027AD2B /* GithubTester1 */,
				B1819E2922D8FD4C0027AD2B /* Products */,
			);
			sourceTree = "<group>";
		};
		B1819E2922D8FD4C0027AD2B /* Products */ = {
			isa = PBXGroup;
			children = (
				B1819E2822D8FD4C0027AD2B /* GithubTester1.app */,
			);
			name = Products;
			sourceTree = "<group>";
		};
		B1819E2A22D8FD4C0027AD2B /* GithubTester1 */ = {
			isa = PBXGroup;
			children = (
				B1819E2B22D8FD4C0027AD2B /* AppDelegate.swift */,
				B1819E2D22D8FD4C0027AD2B /* ViewController.swift */,
				B1819E2F22D8FD4C0027AD2B /* Main.storyboard */,
				B1819E3222D8FD4F0027AD2B /* Assets.xcassets */,
				B1819E3422D8FD4F0027AD2B /* LaunchScreen.storyboard */,
				B1819E3722D8FD4F0027AD2B /* Info.plist */,
				B14CBFCF22D8FF7B0088AF5B /* Car.swift */,
			);
			path = GithubTester1;
			sourceTree = "<group>";
		};
/* End PBXGroup section */

/* Begin PBXNativeTarget section */
		B1819E2722D8FD4C0027AD2B /* GithubTester1 */ = {
			isa = PBXNativeTarget;
			buildConfigurationList = B1819E3A22D8FD4F0027AD2B /* Build configuration list for PBXNativeTarget "GithubTester1" */;
			buildPhases = (
				B1819E2422D8FD4C0027AD2B /* Sources */,
				B1819E2522D8FD4C0027AD2B /* Frameworks */,
				B1819E2622D8FD4C0027AD2B /* Resources */,
			);
			buildRules = (
			);
			dependencies = (
			);
			name = GithubTester1;
			productName = GithubTester1;
			productReference = B1819E2822D8FD4C0027AD2B /* GithubTester1.app */;
			productType = "com.apple.product-type.application";
		};
/* End PBXNativeTarget section */

/* Begin PBXProject section */
		B1819E2022D8FD4C0027AD2B /* Project object */ = {
			isa = PBXProject;
			attributes = {
				LastSwiftUpdateCheck = 1020;
				LastUpgradeCheck = 1020;
				ORGANIZATIONNAME = Family;
				TargetAttributes = {
					B1819E2722D8FD4C0027AD2B = {
						CreatedOnToolsVersion = 10.2.1;
					};
				};
			};
			buildConfigurationList = B1819E2322D8FD4C0027AD2B /* Build configuration list for PBXProject "GithubTester1" */;
			compatibilityVersion = "Xcode 9.3";
			developmentRegion = en;
			hasScannedForEncodings = 0;
			knownRegions = (
				en,
				Base,
			);
			mainGroup = B1819E1F22D8FD4C0027AD2B;
			productRefGroup = B1819E2922D8FD4C0027AD2B /* Products */;
			projectDirPath = "";
			projectRoot = "";
			targets = (
				B1819E2722D8FD4C0027AD2B /* GithubTester1 */,
			);
		};
/* End PBXProject section */

/* Begin PBXResourcesBuildPhase section */
		B1819E2622D8FD4C0027AD2B /* Resources */ = {
			isa = PBXResourcesBuildPhase;
			buildActionMask = 2147483647;
			files = (
				B1819E3622D8FD4F0027AD2B /* LaunchScreen.storyboard in Resources */,
				B1819E3322D8FD4F0027AD2B /* Assets.xcassets in Resources */,
				B1819E3122D8FD4C0027AD2B /* Main.storyboard in Resources */,
			);
			runOnlyForDeploymentPostprocessing = 0;
		};
/* End PBXResourcesBuildPhase section */

/* Begin PBXSourcesBuildPhase section */
		B1819E2422D8FD4C0027AD2B /* Sources */ = {
			isa = PBXSourcesBuildPhase;
			buildActionMask = 2147483647;
			files = (
				B1819E2E22D8FD4C0027AD2B /* ViewController.swift in Sources */,
				B1819E2C22D8FD4C0027AD2B /* AppDelegate.swift in Sources */,
				B14CBFD022D8FF7B0088AF5B /* Car.swift in Sources */,
			);
			runOnlyForDeploymentPostprocessing = 0;
		};
/* End PBXSourcesBuildPhase section */

/* Begin PBXVariantGroup section */
		B1819E2F22D8FD4C0027AD2B /* Main.storyboard */ = {
			isa = PBXVariantGroup;
			children = (
				B1819E3022D8FD4C0027AD2B /* Base */,
			);
			name = Main.storyboard;
			sourceTree = "<group>";
		};
		B1819E3422D8FD4F0027AD2B /* LaunchScreen.storyboard */ = {
			isa = PBXVariantGroup;
			children = (
				B1819E3522D8FD4F0027AD2B /* Base */,
			);
			name = LaunchScreen.storyboard;
			sourceTree = "<group>";
		};
/* End PBXVariantGroup section */

/* Begin XCBuildConfiguration section */
		B1819E3822D8FD4F0027AD2B /* Debug */ = {
			isa = XCBuildConfiguration;
			buildSettings = {
				ALWAYS_SEARCH_USER_PATHS = NO;
				CLANG_ANALYZER_NONNULL = YES;
				CLANG_ANALYZER_NUMBER_OBJECT_CONVERSION = YES_AGGRESSIVE;
				CLANG_CXX_LANGUAGE_STANDARD = "gnu++14";
				CLANG_CXX_LIBRARY = "libc++";
				CLANG_ENABLE_MODULES = YES;
				CLANG_ENABLE_OBJC_ARC = YES;
				CLANG_ENABLE_OBJC_WEAK = YES;
				CLANG_WARN_BLOCK_CAPTURE_AUTORELEASING = YES;
				CLANG_WARN_BOOL_CONVERSION = YES;
				CLANG_WARN_COMMA = YES;
				CLANG_WARN_CONSTANT_CONVERSION = YES;
				CLANG_WARN_DEPRECATED_OBJC_IMPLEMENTATIONS = YES;
				CLANG_WARN_DIRECT_OBJC_ISA_USAGE = YES_ERROR;
				CLANG_WARN_DOCUMENTATION_COMMENTS = YES;
				CLANG_WARN_EMPTY_BODY = YES;
				CLANG_WARN_ENUM_CONVERSION = YES;
				CLANG_WARN_INFINITE_RECURSION = YES;
				CLANG_WARN_INT_CONVERSION = YES;
				CLANG_WARN_NON_LITERAL_NULL_CONVERSION = YES;
				CLANG_WARN_OBJC_IMPLICIT_RETAIN_SELF = YES;
				CLANG_WARN_OBJC_LITERAL_CONVERSION = YES;
				CLANG_WARN_OBJC_ROOT_CLASS = YES_ERROR;
				CLANG_WARN_RANGE_LOOP_ANALYSIS = YES;
				CLANG_WARN_STRICT_PROTOTYPES = YES;
				CLANG_WARN_SUSPICIOUS_MOVE = YES;
				CLANG_WARN_UNGUARDED_AVAILABILITY = YES_AGGRESSIVE;
				CLANG_WARN_UNREACHABLE_CODE = YES;
				CLANG_WARN__DUPLICATE_METHOD_MATCH = YES;
				CODE_SIGN_IDENTITY = "iPhone Developer";
				COPY_PHASE_STRIP = NO;
				DEBUG_INFORMATION_FORMAT = dwarf;
				ENABLE_STRICT_OBJC_MSGSEND = YES;
				ENABLE_TESTABILITY = YES;
				GCC_C_LANGUAGE_STANDARD = gnu11;
				GCC_DYNAMIC_NO_PIC = NO;
				GCC_NO_COMMON_BLOCKS = YES;
				GCC_OPTIMIZATION_LEVEL = 0;
				GCC_PREPROCESSOR_DEFINITIONS = (
					"DEBUG=1",
					"$(inherited)",
				);
				GCC_WARN_64_TO_32_BIT_CONVERSION = YES;
				GCC_WARN_ABOUT_RETURN_TYPE = YES_ERROR;
				GCC_WARN_UNDECLARED_SELECTOR = YES;
				GCC_WARN_UNINITIALIZED_AUTOS = YES_AGGRESSIVE;
				GCC_WARN_UNUSED_FUNCTION = YES;
				GCC_WARN_UNUSED_VARIABLE = YES;
				IPHONEOS_DEPLOYMENT_TARGET = 12.2;
				MTL_ENABLE_DEBUG_INFO = INCLUDE_SOURCE;
				MTL_FAST_MATH = YES;
				ONLY_ACTIVE_ARCH = YES;
				SDKROOT = iphoneos;
				SWIFT_ACTIVE_COMPILATION_CONDITIONS = DEBUG;
				SWIFT_OPTIMIZATION_LEVEL = "-Onone";
			};
			name = Debug;
		};
		B1819E3922D8FD4F0027AD2B /* Release */ = {
			isa = XCBuildConfiguration;
			buildSettings = {
				ALWAYS_SEARCH_USER_PATHS = NO;
				CLANG_ANALYZER_NONNULL = YES;
				CLANG_ANALYZER_NUMBER_OBJECT_CONVERSION = YES_AGGRESSIVE;
				CLANG_CXX_LANGUAGE_STANDARD = "gnu++14";
				CLANG_CXX_LIBRARY = "libc++";
				CLANG_ENABLE_MODULES = YES;
				CLANG_ENABLE_OBJC_ARC = YES;
				CLANG_ENABLE_OBJC_WEAK = YES;
				CLANG_WARN_BLOCK_CAPTURE_AUTORELEASING = YES;
				CLANG_WARN_BOOL_CONVERSION = YES;
				CLANG_WARN_COMMA = YES;
				CLANG_WARN_CONSTANT_CONVERSION = YES;
				CLANG_WARN_DEPRECATED_OBJC_IMPLEMENTATIONS = YES;
				CLANG_WARN_DIRECT_OBJC_ISA_USAGE = YES_ERROR;
				CLANG_WARN_DOCUMENTATION_COMMENTS = YES;
				CLANG_WARN_EMPTY_BODY = YES;
				CLANG_WARN_ENUM_CONVERSION = YES;
				CLANG_WARN_INFINITE_RECURSION = YES;
				CLANG_WARN_INT_CONVERSION = YES;
				CLANG_WARN_NON_LITERAL_NULL_CONVERSION = YES;
				CLANG_WARN_OBJC_IMPLICIT_RETAIN_SELF = YES;
				CLANG_WARN_OBJC_LITERAL_CONVERSION = YES;
				CLANG_WARN_OBJC_ROOT_CLASS = YES_ERROR;
				CLANG_WARN_RANGE_LOOP_ANALYSIS = YES;
				CLANG_WARN_STRICT_PROTOTYPES = YES;
				CLANG_WARN_SUSPICIOUS_MOVE = YES;
				CLANG_WARN_UNGUARDED_AVAILABILITY = YES_AGGRESSIVE;
				CLANG_WARN_UNREACHABLE_CODE = YES;
				CLANG_WARN__DUPLICATE_METHOD_MATCH = YES;
				CODE_SIGN_IDENTITY = "iPhone Developer";
				COPY_PHASE_STRIP = NO;
				DEBUG_INFORMATION_FORMAT = "dwarf-with-dsym";
				ENABLE_NS_ASSERTIONS = NO;
				ENABLE_STRICT_OBJC_MSGSEND = YES;
				GCC_C_LANGUAGE_STANDARD = gnu11;
				GCC_NO_COMMON_BLOCKS = YES;
				GCC_WARN_64_TO_32_BIT_CONVERSION = YES;
				GCC_WARN_ABOUT_RETURN_TYPE = YES_ERROR;
				GCC_WARN_UNDECLARED_SELECTOR = YES;
				GCC_WARN_UNINITIALIZED_AUTOS = YES_AGGRESSIVE;
				GCC_WARN_UNUSED_FUNCTION = YES;
				GCC_WARN_UNUSED_VARIABLE = YES;
				IPHONEOS_DEPLOYMENT_TARGET = 12.2;
				MTL_ENABLE_DEBUG_INFO = NO;
				MTL_FAST_MATH = YES;
				SDKROOT = iphoneos;
				SWIFT_COMPILATION_MODE = wholemodule;
				SWIFT_OPTIMIZATION_LEVEL = "-O";
				VALIDATE_PRODUCT = YES;
			};
			name = Release;
		};
		B1819E3B22D8FD4F0027AD2B /* Debug */ = {
			isa = XCBuildConfiguration;
			buildSettings = {
				ASSETCATALOG_COMPILER_APPICON_NAME = AppIcon;
				CODE_SIGN_STYLE = Automatic;
				DEVELOPMENT_TEAM = ZLQ59MDJGW;
				INFOPLIST_FILE = GithubTester1/Info.plist;
				LD_RUNPATH_SEARCH_PATHS = (
					"$(inherited)",
					"@executable_path/Frameworks",
				);
				PRODUCT_BUNDLE_IDENTIFIER = com.Adam.GithubTester1;
				PRODUCT_NAME = "$(TARGET_NAME)";
				SWIFT_VERSION = 5.0;
				TARGETED_DEVICE_FAMILY = "1,2";
			};
			name = Debug;
		};
		B1819E3C22D8FD4F0027AD2B /* Release */ = {
			isa = XCBuildConfiguration;
			buildSettings = {
				ASSETCATALOG_COMPILER_APPICON_NAME = AppIcon;
				CODE_SIGN_STYLE = Automatic;
				DEVELOPMENT_TEAM = ZLQ59MDJGW;
				INFOPLIST_FILE = GithubTester1/Info.plist;
				LD_RUNPATH_SEARCH_PATHS = (
					"$(inherited)",
					"@executable_path/Frameworks",
				);
				PRODUCT_BUNDLE_IDENTIFIER = com.Adam.GithubTester1;
				PRODUCT_NAME = "$(TARGET_NAME)";
				SWIFT_VERSION = 5.0;
				TARGETED_DEVICE_FAMILY = "1,2";
			};
			name = Release;
		};
/* End XCBuildConfiguration section */

/* Begin XCConfigurationList section */
		B1819E2322D8FD4C0027AD2B /* Build configuration list for PBXProject "GithubTester1" */ = {
			isa = XCConfigurationList;
			buildConfigurations = (
				B1819E3822D8FD4F0027AD2B /* Debug */,
				B1819E3922D8FD4F0027AD2B /* Release */,
			);
			defaultConfigurationIsVisible = 0;
			defaultConfigurationName = Release;
		};
		B1819E3A22D8FD4F0027AD2B /* Build configuration list for PBXNativeTarget "GithubTester1" */ = {
			isa = XCConfigurationList;
			buildConfigurations = (
				B1819E3B22D8FD4F0027AD2B /* Debug */,
				B1819E3C22D8FD4F0027AD2B /* Release */,
			);
			defaultConfigurationIsVisible = 0;
			defaultConfigurationName = Release;
		};
/* End XCConfigurationList section */
	};
	rootObject = B1819E2022D8FD4C0027AD2B /* Project object */;
}
